
Microsoft Visual Studio Solution File, Format Version 12.00
# Visual Studio Version 16
VisualStudioVersion = 16.0.31515.178
MinimumVisualStudioVersion = 10.0.40219.1
Project("{8BC9CEB8-8B4A-11D0-8D11-00A0C91BC942}") = "GB_L-2-5-1", "GB_L-2-5-1.vcxproj", "{F8D5A77E-F697-4C55-B636-A05FA1C9ABBA}"
EndProject
Global
	GlobalSection(SolutionConfigurationPlatforms) = preSolution
		Debug|x64 = Debug|x64
		Debug|x86 = Debug|x86
		Release|x64 = Release|x64
		Release|x86 = Release|x86
	EndGlobalSection
	GlobalSection(ProjectConfigurationPlatforms) = postSolution
		{F8D5A77E-F697-4C55-B636-A05FA1C9ABBA}.Debug|x64.ActiveCfg = Debug|x64
		{F8D5A77E-F697-4C55-B636-A05FA1C9ABBA}.Debug|x64.Build.0 = Debug|x64
		{F8D5A77E-F697-4C55-B636-A05FA1C9ABBA}.Debug|x86.ActiveCfg = Debug|Win32
		{F8D5A77E-F697-4C55-B636-A05FA1C9ABBA}.Debug|x86.Build.0 = Debug|Win32
		{F8D5A77E-F697-4C55-B636-A05FA1C9ABBA}.Release|x64.ActiveCfg = Release|x64
		{F8D5A77E-F697-4C55-B636-A05FA1C9ABBA}.Release|x64.Build.0 = Release|x64
		{F8D5A77E-F697-4C55-B636-A05FA1C9ABBA}.Release|x86.ActiveCfg = Release|Win32
		{F8D5A77E-F697-4C55-B636-A05FA1C9ABBA}.Release|x86.Build.0 = Release|Win32
	EndGlobalSection
	GlobalSection(SolutionProperties) = preSolution
		HideSolutionNode = FALSE
	EndGlobalSection
	GlobalSection(ExtensibilityGlobals) = postSolution
		SolutionGuid = {D6AE26BC-3344-4D86-8C3C-8071789CE6ED}
	EndGlobalSection
EndGlobal
