
Microsoft Visual Studio Solution File, Format Version 12.00
# Visual Studio Version 16
VisualStudioVersion = 16.0.31515.178
MinimumVisualStudioVersion = 10.0.40219.1
Project("{8BC9CEB8-8B4A-11D0-8D11-00A0C91BC942}") = "GB_L-2-4-2", "GB_L-2-4-2.vcxproj", "{0F90C2C8-270A-4D45-BE72-141804F54F22}"
EndProject
Global
	GlobalSection(SolutionConfigurationPlatforms) = preSolution
		Debug|x64 = Debug|x64
		Debug|x86 = Debug|x86
		Release|x64 = Release|x64
		Release|x86 = Release|x86
	EndGlobalSection
	GlobalSection(ProjectConfigurationPlatforms) = postSolution
		{0F90C2C8-270A-4D45-BE72-141804F54F22}.Debug|x64.ActiveCfg = Debug|x64
		{0F90C2C8-270A-4D45-BE72-141804F54F22}.Debug|x64.Build.0 = Debug|x64
		{0F90C2C8-270A-4D45-BE72-141804F54F22}.Debug|x86.ActiveCfg = Debug|Win32
		{0F90C2C8-270A-4D45-BE72-141804F54F22}.Debug|x86.Build.0 = Debug|Win32
		{0F90C2C8-270A-4D45-BE72-141804F54F22}.Release|x64.ActiveCfg = Release|x64
		{0F90C2C8-270A-4D45-BE72-141804F54F22}.Release|x64.Build.0 = Release|x64
		{0F90C2C8-270A-4D45-BE72-141804F54F22}.Release|x86.ActiveCfg = Release|Win32
		{0F90C2C8-270A-4D45-BE72-141804F54F22}.Release|x86.Build.0 = Release|Win32
	EndGlobalSection
	GlobalSection(SolutionProperties) = preSolution
		HideSolutionNode = FALSE
	EndGlobalSection
	GlobalSection(ExtensibilityGlobals) = postSolution
		SolutionGuid = {1A3506D5-53D2-4978-8C1C-13822E7EACFA}
	EndGlobalSection
EndGlobal
