
Microsoft Visual Studio Solution File, Format Version 12.00
# Visual Studio Version 16
VisualStudioVersion = 16.0.31515.178
MinimumVisualStudioVersion = 10.0.40219.1
Project("{8BC9CEB8-8B4A-11D0-8D11-00A0C91BC942}") = "GB_L-2-4-3.1", "GB_L-2-4-3.1.vcxproj", "{2B6EC204-953D-4CA4-8775-3026B052A82A}"
EndProject
Global
	GlobalSection(SolutionConfigurationPlatforms) = preSolution
		Debug|x64 = Debug|x64
		Debug|x86 = Debug|x86
		Release|x64 = Release|x64
		Release|x86 = Release|x86
	EndGlobalSection
	GlobalSection(ProjectConfigurationPlatforms) = postSolution
		{2B6EC204-953D-4CA4-8775-3026B052A82A}.Debug|x64.ActiveCfg = Debug|x64
		{2B6EC204-953D-4CA4-8775-3026B052A82A}.Debug|x64.Build.0 = Debug|x64
		{2B6EC204-953D-4CA4-8775-3026B052A82A}.Debug|x86.ActiveCfg = Debug|Win32
		{2B6EC204-953D-4CA4-8775-3026B052A82A}.Debug|x86.Build.0 = Debug|Win32
		{2B6EC204-953D-4CA4-8775-3026B052A82A}.Release|x64.ActiveCfg = Release|x64
		{2B6EC204-953D-4CA4-8775-3026B052A82A}.Release|x64.Build.0 = Release|x64
		{2B6EC204-953D-4CA4-8775-3026B052A82A}.Release|x86.ActiveCfg = Release|Win32
		{2B6EC204-953D-4CA4-8775-3026B052A82A}.Release|x86.Build.0 = Release|Win32
	EndGlobalSection
	GlobalSection(SolutionProperties) = preSolution
		HideSolutionNode = FALSE
	EndGlobalSection
	GlobalSection(ExtensibilityGlobals) = postSolution
		SolutionGuid = {06D7E0D3-516B-47AC-8AC0-4C8E771AF702}
	EndGlobalSection
EndGlobal
