
Microsoft Visual Studio Solution File, Format Version 12.00
# Visual Studio Version 16
VisualStudioVersion = 16.0.31515.178
MinimumVisualStudioVersion = 10.0.40219.1
Project("{8BC9CEB8-8B4A-11D0-8D11-00A0C91BC942}") = "GB_L_2-1-3", "GB_L_2-1-3.vcxproj", "{C95554EB-24F9-4D09-A205-7B734E071433}"
EndProject
Global
	GlobalSection(SolutionConfigurationPlatforms) = preSolution
		Debug|x64 = Debug|x64
		Debug|x86 = Debug|x86
		Release|x64 = Release|x64
		Release|x86 = Release|x86
	EndGlobalSection
	GlobalSection(ProjectConfigurationPlatforms) = postSolution
		{C95554EB-24F9-4D09-A205-7B734E071433}.Debug|x64.ActiveCfg = Debug|x64
		{C95554EB-24F9-4D09-A205-7B734E071433}.Debug|x64.Build.0 = Debug|x64
		{C95554EB-24F9-4D09-A205-7B734E071433}.Debug|x86.ActiveCfg = Debug|Win32
		{C95554EB-24F9-4D09-A205-7B734E071433}.Debug|x86.Build.0 = Debug|Win32
		{C95554EB-24F9-4D09-A205-7B734E071433}.Release|x64.ActiveCfg = Release|x64
		{C95554EB-24F9-4D09-A205-7B734E071433}.Release|x64.Build.0 = Release|x64
		{C95554EB-24F9-4D09-A205-7B734E071433}.Release|x86.ActiveCfg = Release|Win32
		{C95554EB-24F9-4D09-A205-7B734E071433}.Release|x86.Build.0 = Release|Win32
	EndGlobalSection
	GlobalSection(SolutionProperties) = preSolution
		HideSolutionNode = FALSE
	EndGlobalSection
	GlobalSection(ExtensibilityGlobals) = postSolution
		SolutionGuid = {766B42A2-4429-4325-BDCC-65F7644439D1}
	EndGlobalSection
EndGlobal
